
Microsoft Visual Studio Solution File, Format Version 12.00
# Visual Studio 15
VisualStudioVersion = 15.0.27703.2042
MinimumVisualStudioVersion = 10.0.40219.1
Project("{FAE04EC0-301F-11D3-BF4B-00C04F79EFBC}") = "ESAPI_Test", "ESAPI_Test\ESAPI_Test.csproj", "{24C69568-80A8-44A0-953B-24C5F7EE57A7}"
EndProject
Global
	GlobalSection(SolutionConfigurationPlatforms) = preSolution
		Debug|Any CPU = Debug|Any CPU
		Release|Any CPU = Release|Any CPU
	EndGlobalSection
	GlobalSection(ProjectConfigurationPlatforms) = postSolution
		{24C69568-80A8-44A0-953B-24C5F7EE57A7}.Debug|Any CPU.ActiveCfg = Debug|Any CPU
		{24C69568-80A8-44A0-953B-24C5F7EE57A7}.Debug|Any CPU.Build.0 = Debug|Any CPU
		{24C69568-80A8-44A0-953B-24C5F7EE57A7}.Release|Any CPU.ActiveCfg = Release|Any CPU
		{24C69568-80A8-44A0-953B-24C5F7EE57A7}.Release|Any CPU.Build.0 = Release|Any CPU
	EndGlobalSection
	GlobalSection(SolutionProperties) = preSolution
		HideSolutionNode = FALSE
	EndGlobalSection
	GlobalSection(ExtensibilityGlobals) = postSolution
		SolutionGuid = {F93CCDC1-C39D-44E8-BF1C-5630551602FF}
	EndGlobalSection
EndGlobal
